// !$*UTF8*$!
{
	archiveVersion = 1;
	classes = {
	};
	objectVersion = 56;
	objects = {

/* Begin PBXBuildFile section */
		C35921282B58C01500A78E50 /* AppDelegate.swift in Sources */ = {isa = PBXBuildFile; fileRef = C35921272B58C01500A78E50 /* AppDelegate.swift */; };
		C359212A2B58C01500A78E50 /* SceneDelegate.swift in Sources */ = {isa = PBXBuildFile; fileRef = C35921292B58C01500A78E50 /* SceneDelegate.swift */; };
		C359212C2B58C01500A78E50 /* ViewController.swift in Sources */ = {isa = PBXBuildFile; fileRef = C359212B2B58C01500A78E50 /* ViewController.swift */; };
		C359212F2B58C01500A78E50 /* Main.storyboard in Resources */ = {isa = PBXBuildFile; fileRef = C359212D2B58C01500A78E50 /* Main.storyboard */; };
		C35921312B58C01700A78E50 /* Assets.xcassets in Resources */ = {isa = PBXBuildFile; fileRef = C35921302B58C01700A78E50 /* Assets.xcassets */; };
		C35921342B58C01700A78E50 /* LaunchScreen.storyboard in Resources */ = {isa = PBXBuildFile; fileRef = C35921322B58C01700A78E50 /* LaunchScreen.storyboard */; };
		C359213F2B58C01700A78E50 /* WJCABasicAnimationTests.swift in Sources */ = {isa = PBXBuildFile; fileRef = C359213E2B58C01700A78E50 /* WJCABasicAnimationTests.swift */; };
		C35921492B58C01700A78E50 /* WJCABasicAnimationUITests.swift in Sources */ = {isa = PBXBuildFile; fileRef = C35921482B58C01700A78E50 /* WJCABasicAnimationUITests.swift */; };
		C359214B2B58C01700A78E50 /* WJCABasicAnimationUITestsLaunchTests.swift in Sources */ = {isa = PBXBuildFile; fileRef = C359214A2B58C01700A78E50 /* WJCABasicAnimationUITestsLaunchTests.swift */; };
		C359215A2B58C26D00A78E50 /* WJCABasicAnimation.swift in Sources */ = {isa = PBXBuildFile; fileRef = C35921592B58C26D00A78E50 /* WJCABasicAnimation.swift */; };
/* End PBXBuildFile section */

/* Begin PBXContainerItemProxy section */
		C359213B2B58C01700A78E50 /* PBXContainerItemProxy */ = {
			isa = PBXContainerItemProxy;
			containerPortal = C359211C2B58C01500A78E50 /* Project object */;
			proxyType = 1;
			remoteGlobalIDString = C35921232B58C01500A78E50;
			remoteInfo = WJCABasicAnimation;
		};
		C35921452B58C01700A78E50 /* PBXContainerItemProxy */ = {
			isa = PBXContainerItemProxy;
			containerPortal = C359211C2B58C01500A78E50 /* Project object */;
			proxyType = 1;
			remoteGlobalIDString = C35921232B58C01500A78E50;
			remoteInfo = WJCABasicAnimation;
		};
/* End PBXContainerItemProxy section */

/* Begin PBXFileReference section */
		C35921242B58C01500A78E50 /* WJCABasicAnimation.app */ = {isa = PBXFileReference; explicitFileType = wrapper.application; includeInIndex = 0; path = WJCABasicAnimation.app; sourceTree = BUILT_PRODUCTS_DIR; };
		C35921272B58C01500A78E50 /* AppDelegate.swift */ = {isa = PBXFileReference; lastKnownFileType = sourcecode.swift; path = AppDelegate.swift; sourceTree = "<group>"; };
		C35921292B58C01500A78E50 /* SceneDelegate.swift */ = {isa = PBXFileReference; lastKnownFileType = sourcecode.swift; path = SceneDelegate.swift; sourceTree = "<group>"; };
		C359212B2B58C01500A78E50 /* ViewController.swift */ = {isa = PBXFileReference; lastKnownFileType = sourcecode.swift; path = ViewController.swift; sourceTree = "<group>"; };
		C359212E2B58C01500A78E50 /* Base */ = {isa = PBXFileReference; lastKnownFileType = file.storyboard; name = Base; path = Base.lproj/Main.storyboard; sourceTree = "<group>"; };
		C35921302B58C01700A78E50 /* Assets.xcassets */ = {isa = PBXFileReference; lastKnownFileType = folder.assetcatalog; path = Assets.xcassets; sourceTree = "<group>"; };
		C35921332B58C01700A78E50 /* Base */ = {isa = PBXFileReference; lastKnownFileType = file.storyboard; name = Base; path = Base.lproj/LaunchScreen.storyboard; sourceTree = "<group>"; };
		C35921352B58C01700A78E50 /* Info.plist */ = {isa = PBXFileReference; lastKnownFileType = text.plist.xml; path = Info.plist; sourceTree = "<group>"; };
		C359213A2B58C01700A78E50 /* WJCABasicAnimationTests.xctest */ = {isa = PBXFileReference; explicitFileType = wrapper.cfbundle; includeInIndex = 0; path = WJCABasicAnimationTests.xctest; sourceTree = BUILT_PRODUCTS_DIR; };
		C359213E2B58C01700A78E50 /* WJCABasicAnimationTests.swift */ = {isa = PBXFileReference; lastKnownFileType = sourcecode.swift; path = WJCABasicAnimationTests.swift; sourceTree = "<group>"; };
		C35921442B58C01700A78E50 /* WJCABasicAnimationUITests.xctest */ = {isa = PBXFileReference; explicitFileType = wrapper.cfbundle; includeInIndex = 0; path = WJCABasicAnimationUITests.xctest; sourceTree = BUILT_PRODUCTS_DIR; };
		C35921482B58C01700A78E50 /* WJCABasicAnimationUITests.swift */ = {isa = PBXFileReference; lastKnownFileType = sourcecode.swift; path = WJCABasicAnimationUITests.swift; sourceTree = "<group>"; };
		C359214A2B58C01700A78E50 /* WJCABasicAnimationUITestsLaunchTests.swift */ = {isa = PBXFileReference; lastKnownFileType = sourcecode.swift; path = WJCABasicAnimationUITestsLaunchTests.swift; sourceTree = "<group>"; };
		C35921592B58C26D00A78E50 /* WJCABasicAnimation.swift */ = {isa = PBXFileReference; lastKnownFileType = sourcecode.swift; path = WJCABasicAnimation.swift; sourceTree = "<group>"; };
/* End PBXFileReference section */

/* Begin PBXFrameworksBuildPhase section */
		C35921212B58C01500A78E50 /* Frameworks */ = {
			isa = PBXFrameworksBuildPhase;
			buildActionMask = 2147483647;
			files = (
			);
			runOnlyForDeploymentPostprocessing = 0;
		};
		C35921372B58C01700A78E50 /* Frameworks */ = {
			isa = PBXFrameworksBuildPhase;
			buildActionMask = 2147483647;
			files = (
			);
			runOnlyForDeploymentPostprocessing = 0;
		};
		C35921412B58C01700A78E50 /* Frameworks */ = {
			isa = PBXFrameworksBuildPhase;
			buildActionMask = 2147483647;
			files = (
			);
			runOnlyForDeploymentPostprocessing = 0;
		};
/* End PBXFrameworksBuildPhase section */

/* Begin PBXGroup section */
		C359211B2B58C01500A78E50 = {
			isa = PBXGroup;
			children = (
				C35921262B58C01500A78E50 /* WJCABasicAnimation */,
				C359213D2B58C01700A78E50 /* WJCABasicAnimationTests */,
				C35921472B58C01700A78E50 /* WJCABasicAnimationUITests */,
				C35921252B58C01500A78E50 /* Products */,
			);
			sourceTree = "<group>";
		};
		C35921252B58C01500A78E50 /* Products */ = {
			isa = PBXGroup;
			children = (
				C35921242B58C01500A78E50 /* WJCABasicAnimation.app */,
				C359213A2B58C01700A78E50 /* WJCABasicAnimationTests.xctest */,
				C35921442B58C01700A78E50 /* WJCABasicAnimationUITests.xctest */,
			);
			name = Products;
			sourceTree = "<group>";
		};
		C35921262B58C01500A78E50 /* WJCABasicAnimation */ = {
			isa = PBXGroup;
			children = (
				C35921272B58C01500A78E50 /* AppDelegate.swift */,
				C35921292B58C01500A78E50 /* SceneDelegate.swift */,
				C359212B2B58C01500A78E50 /* ViewController.swift */,
				C35921592B58C26D00A78E50 /* WJCABasicAnimation.swift */,
				C359212D2B58C01500A78E50 /* Main.storyboard */,
				C35921302B58C01700A78E50 /* Assets.xcassets */,
				C35921322B58C01700A78E50 /* LaunchScreen.storyboard */,
				C35921352B58C01700A78E50 /* Info.plist */,
			);
			path = WJCABasicAnimation;
			sourceTree = "<group>";
		};
		C359213D2B58C01700A78E50 /* WJCABasicAnimationTests */ = {
			isa = PBXGroup;
			children = (
				C359213E2B58C01700A78E50 /* WJCABasicAnimationTests.swift */,
			);
			path = WJCABasicAnimationTests;
			sourceTree = "<group>";
		};
		C35921472B58C01700A78E50 /* WJCABasicAnimationUITests */ = {
			isa = PBXGroup;
			children = (
				C35921482B58C01700A78E50 /* WJCABasicAnimationUITests.swift */,
				C359214A2B58C01700A78E50 /* WJCABasicAnimationUITestsLaunchTests.swift */,
			);
			path = WJCABasicAnimationUITests;
			sourceTree = "<group>";
		};
/* End PBXGroup section */

/* Begin PBXNativeTarget section */
		C35921232B58C01500A78E50 /* WJCABasicAnimation */ = {
			isa = PBXNativeTarget;
			buildConfigurationList = C359214E2B58C01700A78E50 /* Build configuration list for PBXNativeTarget "WJCABasicAnimation" */;
			buildPhases = (
				C35921202B58C01500A78E50 /* Sources */,
				C35921212B58C01500A78E50 /* Frameworks */,
				C35921222B58C01500A78E50 /* Resources */,
			);
			buildRules = (
			);
			dependencies = (
			);
			name = WJCABasicAnimation;
			productName = WJCABasicAnimation;
			productReference = C35921242B58C01500A78E50 /* WJCABasicAnimation.app */;
			productType = "com.apple.product-type.application";
		};
		C35921392B58C01700A78E50 /* WJCABasicAnimationTests */ = {
			isa = PBXNativeTarget;
			buildConfigurationList = C35921512B58C01700A78E50 /* Build configuration list for PBXNativeTarget "WJCABasicAnimationTests" */;
			buildPhases = (
				C35921362B58C01700A78E50 /* Sources */,
				C35921372B58C01700A78E50 /* Frameworks */,
				C35921382B58C01700A78E50 /* Resources */,
			);
			buildRules = (
			);
			dependencies = (
				C359213C2B58C01700A78E50 /* PBXTargetDependency */,
			);
			name = WJCABasicAnimationTests;
			productName = WJCABasicAnimationTests;
			productReference = C359213A2B58C01700A78E50 /* WJCABasicAnimationTests.xctest */;
			productType = "com.apple.product-type.bundle.unit-test";
		};
		C35921432B58C01700A78E50 /* WJCABasicAnimationUITests */ = {
			isa = PBXNativeTarget;
			buildConfigurationList = C35921542B58C01700A78E50 /* Build configuration list for PBXNativeTarget "WJCABasicAnimationUITests" */;
			buildPhases = (
				C35921402B58C01700A78E50 /* Sources */,
				C35921412B58C01700A78E50 /* Frameworks */,
				C35921422B58C01700A78E50 /* Resources */,
			);
			buildRules = (
			);
			dependencies = (
				C35921462B58C01700A78E50 /* PBXTargetDependency */,
			);
			name = WJCABasicAnimationUITests;
			productName = WJCABasicAnimationUITests;
			productReference = C35921442B58C01700A78E50 /* WJCABasicAnimationUITests.xctest */;
			productType = "com.apple.product-type.bundle.ui-testing";
		};
/* End PBXNativeTarget section */

/* Begin PBXProject section */
		C359211C2B58C01500A78E50 /* Project object */ = {
			isa = PBXProject;
			attributes = {
				BuildIndependentTargetsInParallel = 1;
				LastSwiftUpdateCheck = 1500;
				LastUpgradeCheck = 1500;
				TargetAttributes = {
					C35921232B58C01500A78E50 = {
						CreatedOnToolsVersion = 15.0.1;
					};
					C35921392B58C01700A78E50 = {
						CreatedOnToolsVersion = 15.0.1;
						TestTargetID = C35921232B58C01500A78E50;
					};
					C35921432B58C01700A78E50 = {
						CreatedOnToolsVersion = 15.0.1;
						TestTargetID = C35921232B58C01500A78E50;
					};
				};
			};
			buildConfigurationList = C359211F2B58C01500A78E50 /* Build configuration list for PBXProject "WJCABasicAnimation" */;
			compatibilityVersion = "Xcode 14.0";
			developmentRegion = en;
			hasScannedForEncodings = 0;
			knownRegions = (
				en,
				Base,
			);
			mainGroup = C359211B2B58C01500A78E50;
			productRefGroup = C35921252B58C01500A78E50 /* Products */;
			projectDirPath = "";
			projectRoot = "";
			targets = (
				C35921232B58C01500A78E50 /* WJCABasicAnimation */,
				C35921392B58C01700A78E50 /* WJCABasicAnimationTests */,
				C35921432B58C01700A78E50 /* WJCABasicAnimationUITests */,
			);
		};
/* End PBXProject section */

/* Begin PBXResourcesBuildPhase section */
		C35921222B58C01500A78E50 /* Resources */ = {
			isa = PBXResourcesBuildPhase;
			buildActionMask = 2147483647;
			files = (
				C35921342B58C01700A78E50 /* LaunchScreen.storyboard in Resources */,
				C35921312B58C01700A78E50 /* Assets.xcassets in Resources */,
				C359212F2B58C01500A78E50 /* Main.storyboard in Resources */,
			);
			runOnlyForDeploymentPostprocessing = 0;
		};
		C35921382B58C01700A78E50 /* Resources */ = {
			isa = PBXResourcesBuildPhase;
			buildActionMask = 2147483647;
			files = (
			);
			runOnlyForDeploymentPostprocessing = 0;
		};
		C35921422B58C01700A78E50 /* Resources */ = {
			isa = PBXResourcesBuildPhase;
			buildActionMask = 2147483647;
			files = (
			);
			runOnlyForDeploymentPostprocessing = 0;
		};
/* End PBXResourcesBuildPhase section */

/* Begin PBXSourcesBuildPhase section */
		C35921202B58C01500A78E50 /* Sources */ = {
			isa = PBXSourcesBuildPhase;
			buildActionMask = 2147483647;
			files = (
				C359212C2B58C01500A78E50 /* ViewController.swift in Sources */,
				C35921282B58C01500A78E50 /* AppDelegate.swift in Sources */,
				C359215A2B58C26D00A78E50 /* WJCABasicAnimation.swift in Sources */,
				C359212A2B58C01500A78E50 /* SceneDelegate.swift in Sources */,
			);
			runOnlyForDeploymentPostprocessing = 0;
		};
		C35921362B58C01700A78E50 /* Sources */ = {
			isa = PBXSourcesBuildPhase;
			buildActionMask = 2147483647;
			files = (
				C359213F2B58C01700A78E50 /* WJCABasicAnimationTests.swift in Sources */,
			);
			runOnlyForDeploymentPostprocessing = 0;
		};
		C35921402B58C01700A78E50 /* Sources */ = {
			isa = PBXSourcesBuildPhase;
			buildActionMask = 2147483647;
			files = (
				C35921492B58C01700A78E50 /* WJCABasicAnimationUITests.swift in Sources */,
				C359214B2B58C01700A78E50 /* WJCABasicAnimationUITestsLaunchTests.swift in Sources */,
			);
			runOnlyForDeploymentPostprocessing = 0;
		};
/* End PBXSourcesBuildPhase section */

/* Begin PBXTargetDependency section */
		C359213C2B58C01700A78E50 /* PBXTargetDependency */ = {
			isa = PBXTargetDependency;
			target = C35921232B58C01500A78E50 /* WJCABasicAnimation */;
			targetProxy = C359213B2B58C01700A78E50 /* PBXContainerItemProxy */;
		};
		C35921462B58C01700A78E50 /* PBXTargetDependency */ = {
			isa = PBXTargetDependency;
			target = C35921232B58C01500A78E50 /* WJCABasicAnimation */;
			targetProxy = C35921452B58C01700A78E50 /* PBXContainerItemProxy */;
		};
/* End PBXTargetDependency section */

/* Begin PBXVariantGroup section */
		C359212D2B58C01500A78E50 /* Main.storyboard */ = {
			isa = PBXVariantGroup;
			children = (
				C359212E2B58C01500A78E50 /* Base */,
			);
			name = Main.storyboard;
			sourceTree = "<group>";
		};
		C35921322B58C01700A78E50 /* LaunchScreen.storyboard */ = {
			isa = PBXVariantGroup;
			children = (
				C35921332B58C01700A78E50 /* Base */,
			);
			name = LaunchScreen.storyboard;
			sourceTree = "<group>";
		};
/* End PBXVariantGroup section */

/* Begin XCBuildConfiguration section */
		C359214C2B58C01700A78E50 /* Debug */ = {
			isa = XCBuildConfiguration;
			buildSettings = {
				ALWAYS_SEARCH_USER_PATHS = NO;
				ASSETCATALOG_COMPILER_GENERATE_SWIFT_ASSET_SYMBOL_EXTENSIONS = YES;
				CLANG_ANALYZER_NONNULL = YES;
				CLANG_ANALYZER_NUMBER_OBJECT_CONVERSION = YES_AGGRESSIVE;
				CLANG_CXX_LANGUAGE_STANDARD = "gnu++20";
				CLANG_ENABLE_MODULES = YES;
				CLANG_ENABLE_OBJC_ARC = YES;
				CLANG_ENABLE_OBJC_WEAK = YES;
				CLANG_WARN_BLOCK_CAPTURE_AUTORELEASING = YES;
				CLANG_WARN_BOOL_CONVERSION = YES;
				CLANG_WARN_COMMA = YES;
				CLANG_WARN_CONSTANT_CONVERSION = YES;
				CLANG_WARN_DEPRECATED_OBJC_IMPLEMENTATIONS = YES;
				CLANG_WARN_DIRECT_OBJC_ISA_USAGE = YES_ERROR;
				CLANG_WARN_DOCUMENTATION_COMMENTS = YES;
				CLANG_WARN_EMPTY_BODY = YES;
				CLANG_WARN_ENUM_CONVERSION = YES;
				CLANG_WARN_INFINITE_RECURSION = YES;
				CLANG_WARN_INT_CONVERSION = YES;
				CLANG_WARN_NON_LITERAL_NULL_CONVERSION = YES;
				CLANG_WARN_OBJC_IMPLICIT_RETAIN_SELF = YES;
				CLANG_WARN_OBJC_LITERAL_CONVERSION = YES;
				CLANG_WARN_OBJC_ROOT_CLASS = YES_ERROR;
				CLANG_WARN_QUOTED_INCLUDE_IN_FRAMEWORK_HEADER = YES;
				CLANG_WARN_RANGE_LOOP_ANALYSIS = YES;
				CLANG_WARN_STRICT_PROTOTYPES = YES;
				CLANG_WARN_SUSPICIOUS_MOVE = YES;
				CLANG_WARN_UNGUARDED_AVAILABILITY = YES_AGGRESSIVE;
				CLANG_WARN_UNREACHABLE_CODE = YES;
				CLANG_WARN__DUPLICATE_METHOD_MATCH = YES;
				COPY_PHASE_STRIP = NO;
				DEBUG_INFORMATION_FORMAT = dwarf;
				ENABLE_STRICT_OBJC_MSGSEND = YES;
				ENABLE_TESTABILITY = YES;
				ENABLE_USER_SCRIPT_SANDBOXING = YES;
				GCC_C_LANGUAGE_STANDARD = gnu17;
				GCC_DYNAMIC_NO_PIC = NO;
				GCC_NO_COMMON_BLOCKS = YES;
				GCC_OPTIMIZATION_LEVEL = 0;
				GCC_PREPROCESSOR_DEFINITIONS = (
					"DEBUG=1",
					"$(inherited)",
				);
				GCC_WARN_64_TO_32_BIT_CONVERSION = YES;
				GCC_WARN_ABOUT_RETURN_TYPE = YES_ERROR;
				GCC_WARN_UNDECLARED_SELECTOR = YES;
				GCC_WARN_UNINITIALIZED_AUTOS = YES_AGGRESSIVE;
				GCC_WARN_UNUSED_FUNCTION = YES;
				GCC_WARN_UNUSED_VARIABLE = YES;
				IPHONEOS_DEPLOYMENT_TARGET = 17.0;
				LOCALIZATION_PREFERS_STRING_CATALOGS = YES;
				MTL_ENABLE_DEBUG_INFO = INCLUDE_SOURCE;
				MTL_FAST_MATH = YES;
				ONLY_ACTIVE_ARCH = YES;
				SDKROOT = iphoneos;
				SWIFT_ACTIVE_COMPILATION_CONDITIONS = "DEBUG $(inherited)";
				SWIFT_OPTIMIZATION_LEVEL = "-Onone";
			};
			name = Debug;
		};
		C359214D2B58C01700A78E50 /* Release */ = {
			isa = XCBuildConfiguration;
			buildSettings = {
				ALWAYS_SEARCH_USER_PATHS = NO;
				ASSETCATALOG_COMPILER_GENERATE_SWIFT_ASSET_SYMBOL_EXTENSIONS = YES;
				CLANG_ANALYZER_NONNULL = YES;
				CLANG_ANALYZER_NUMBER_OBJECT_CONVERSION = YES_AGGRESSIVE;
				CLANG_CXX_LANGUAGE_STANDARD = "gnu++20";
				CLANG_ENABLE_MODULES = YES;
				CLANG_ENABLE_OBJC_ARC = YES;
				CLANG_ENABLE_OBJC_WEAK = YES;
				CLANG_WARN_BLOCK_CAPTURE_AUTORELEASING = YES;
				CLANG_WARN_BOOL_CONVERSION = YES;
				CLANG_WARN_COMMA = YES;
				CLANG_WARN_CONSTANT_CONVERSION = YES;
				CLANG_WARN_DEPRECATED_OBJC_IMPLEMENTATIONS = YES;
				CLANG_WARN_DIRECT_OBJC_ISA_USAGE = YES_ERROR;
				CLANG_WARN_DOCUMENTATION_COMMENTS = YES;
				CLANG_WARN_EMPTY_BODY = YES;
				CLANG_WARN_ENUM_CONVERSION = YES;
				CLANG_WARN_INFINITE_RECURSION = YES;
				CLANG_WARN_INT_CONVERSION = YES;
				CLANG_WARN_NON_LITERAL_NULL_CONVERSION = YES;
				CLANG_WARN_OBJC_IMPLICIT_RETAIN_SELF = YES;
				CLANG_WARN_OBJC_LITERAL_CONVERSION = YES;
				CLANG_WARN_OBJC_ROOT_CLASS = YES_ERROR;
				CLANG_WARN_QUOTED_INCLUDE_IN_FRAMEWORK_HEADER = YES;
				CLANG_WARN_RANGE_LOOP_ANALYSIS = YES;
				CLANG_WARN_STRICT_PROTOTYPES = YES;
				CLANG_WARN_SUSPICIOUS_MOVE = YES;
				CLANG_WARN_UNGUARDED_AVAILABILITY = YES_AGGRESSIVE;
				CLANG_WARN_UNREACHABLE_CODE = YES;
				CLANG_WARN__DUPLICATE_METHOD_MATCH = YES;
				COPY_PHASE_STRIP = NO;
				DEBUG_INFORMATION_FORMAT = "dwarf-with-dsym";
				ENABLE_NS_ASSERTIONS = NO;
				ENABLE_STRICT_OBJC_MSGSEND = YES;
				ENABLE_USER_SCRIPT_SANDBOXING = YES;
				GCC_C_LANGUAGE_STANDARD = gnu17;
				GCC_NO_COMMON_BLOCKS = YES;
				GCC_WARN_64_TO_32_BIT_CONVERSION = YES;
				GCC_WARN_ABOUT_RETURN_TYPE = YES_ERROR;
				GCC_WARN_UNDECLARED_SELECTOR = YES;
				GCC_WARN_UNINITIALIZED_AUTOS = YES_AGGRESSIVE;
				GCC_WARN_UNUSED_FUNCTION = YES;
				GCC_WARN_UNUSED_VARIABLE = YES;
				IPHONEOS_DEPLOYMENT_TARGET = 17.0;
				LOCALIZATION_PREFERS_STRING_CATALOGS = YES;
				MTL_ENABLE_DEBUG_INFO = NO;
				MTL_FAST_MATH = YES;
				SDKROOT = iphoneos;
				SWIFT_COMPILATION_MODE = wholemodule;
				VALIDATE_PRODUCT = YES;
			};
			name = Release;
		};
		C359214F2B58C01700A78E50 /* Debug */ = {
			isa = XCBuildConfiguration;
			buildSettings = {
				ASSETCATALOG_COMPILER_APPICON_NAME = AppIcon;
				ASSETCATALOG_COMPILER_GLOBAL_ACCENT_COLOR_NAME = AccentColor;
				CODE_SIGN_STYLE = Automatic;
				CURRENT_PROJECT_VERSION = 1;
				GENERATE_INFOPLIST_FILE = YES;
				INFOPLIST_FILE = WJCABasicAnimation/Info.plist;
				INFOPLIST_KEY_UIApplicationSupportsIndirectInputEvents = YES;
				INFOPLIST_KEY_UILaunchStoryboardName = LaunchScreen;
				INFOPLIST_KEY_UIMainStoryboardFile = Main;
				INFOPLIST_KEY_UISupportedInterfaceOrientations_iPad = "UIInterfaceOrientationPortrait UIInterfaceOrientationPortraitUpsideDown UIInterfaceOrientationLandscapeLeft UIInterfaceOrientationLandscapeRight";
				INFOPLIST_KEY_UISupportedInterfaceOrientations_iPhone = "UIInterfaceOrientationPortrait UIInterfaceOrientationLandscapeLeft UIInterfaceOrientationLandscapeRight";
				LD_RUNPATH_SEARCH_PATHS = (
					"$(inherited)",
					"@executable_path/Frameworks",
				);
				MARKETING_VERSION = 1.0;
				PRODUCT_BUNDLE_IDENTIFIER = com.test.WJCABasicAnimation;
				PRODUCT_NAME = "$(TARGET_NAME)";
				SWIFT_EMIT_LOC_STRINGS = YES;
				SWIFT_VERSION = 5.0;
				TARGETED_DEVICE_FAMILY = "1,2";
			};
			name = Debug;
		};
		C35921502B58C01700A78E50 /* Release */ = {
			isa = XCBuildConfiguration;
			buildSettings = {
				ASSETCATALOG_COMPILER_APPICON_NAME = AppIcon;
				ASSETCATALOG_COMPILER_GLOBAL_ACCENT_COLOR_NAME = AccentColor;
				CODE_SIGN_STYLE = Automatic;
				CURRENT_PROJECT_VERSION = 1;
				GENERATE_INFOPLIST_FILE = YES;
				INFOPLIST_FILE = WJCABasicAnimation/Info.plist;
				INFOPLIST_KEY_UIApplicationSupportsIndirectInputEvents = YES;
				INFOPLIST_KEY_UILaunchStoryboardName = LaunchScreen;
				INFOPLIST_KEY_UIMainStoryboardFile = Main;
				INFOPLIST_KEY_UISupportedInterfaceOrientations_iPad = "UIInterfaceOrientationPortrait UIInterfaceOrientationPortraitUpsideDown UIInterfaceOrientationLandscapeLeft UIInterfaceOrientationLandscapeRight";
				INFOPLIST_KEY_UISupportedInterfaceOrientations_iPhone = "UIInterfaceOrientationPortrait UIInterfaceOrientationLandscapeLeft UIInterfaceOrientationLandscapeRight";
				LD_RUNPATH_SEARCH_PATHS = (
					"$(inherited)",
					"@executable_path/Frameworks",
				);
				MARKETING_VERSION = 1.0;
				PRODUCT_BUNDLE_IDENTIFIER = com.test.WJCABasicAnimation;
				PRODUCT_NAME = "$(TARGET_NAME)";
				SWIFT_EMIT_LOC_STRINGS = YES;
				SWIFT_VERSION = 5.0;
				TARGETED_DEVICE_FAMILY = "1,2";
			};
			name = Release;
		};
		C35921522B58C01700A78E50 /* Debug */ = {
			isa = XCBuildConfiguration;
			buildSettings = {
				ALWAYS_EMBED_SWIFT_STANDARD_LIBRARIES = YES;
				BUNDLE_LOADER = "$(TEST_HOST)";
				CODE_SIGN_STYLE = Automatic;
				CURRENT_PROJECT_VERSION = 1;
				GENERATE_INFOPLIST_FILE = YES;
				IPHONEOS_DEPLOYMENT_TARGET = 17.0;
				MARKETING_VERSION = 1.0;
				PRODUCT_BUNDLE_IDENTIFIER = com.test.WJCABasicAnimationTests;
				PRODUCT_NAME = "$(TARGET_NAME)";
				SWIFT_EMIT_LOC_STRINGS = NO;
				SWIFT_VERSION = 5.0;
				TARGETED_DEVICE_FAMILY = "1,2";
				TEST_HOST = "$(BUILT_PRODUCTS_DIR)/WJCABasicAnimation.app/$(BUNDLE_EXECUTABLE_FOLDER_PATH)/WJCABasicAnimation";
			};
			name = Debug;
		};
		C35921532B58C01700A78E50 /* Release */ = {
			isa = XCBuildConfiguration;
			buildSettings = {
				ALWAYS_EMBED_SWIFT_STANDARD_LIBRARIES = YES;
				BUNDLE_LOADER = "$(TEST_HOST)";
				CODE_SIGN_STYLE = Automatic;
				CURRENT_PROJECT_VERSION = 1;
				GENERATE_INFOPLIST_FILE = YES;
				IPHONEOS_DEPLOYMENT_TARGET = 17.0;
				MARKETING_VERSION = 1.0;
				PRODUCT_BUNDLE_IDENTIFIER = com.test.WJCABasicAnimationTests;
				PRODUCT_NAME = "$(TARGET_NAME)";
				SWIFT_EMIT_LOC_STRINGS = NO;
				SWIFT_VERSION = 5.0;
				TARGETED_DEVICE_FAMILY = "1,2";
				TEST_HOST = "$(BUILT_PRODUCTS_DIR)/WJCABasicAnimation.app/$(BUNDLE_EXECUTABLE_FOLDER_PATH)/WJCABasicAnimation";
			};
			name = Release;
		};
		C35921552B58C01700A78E50 /* Debug */ = {
			isa = XCBuildConfiguration;
			buildSettings = {
				ALWAYS_EMBED_SWIFT_STANDARD_LIBRARIES = YES;
				CODE_SIGN_STYLE = Automatic;
				CURRENT_PROJECT_VERSION = 1;
				GENERATE_INFOPLIST_FILE = YES;
				MARKETING_VERSION = 1.0;
				PRODUCT_BUNDLE_IDENTIFIER = com.test.WJCABasicAnimationUITests;
				PRODUCT_NAME = "$(TARGET_NAME)";
				SWIFT_EMIT_LOC_STRINGS = NO;
				SWIFT_VERSION = 5.0;
				TARGETED_DEVICE_FAMILY = "1,2";
				TEST_TARGET_NAME = WJCABasicAnimation;
			};
			name = Debug;
		};
		C35921562B58C01700A78E50 /* Release */ = {
			isa = XCBuildConfiguration;
			buildSettings = {
				ALWAYS_EMBED_SWIFT_STANDARD_LIBRARIES = YES;
				CODE_SIGN_STYLE = Automatic;
				CURRENT_PROJECT_VERSION = 1;
				GENERATE_INFOPLIST_FILE = YES;
				MARKETING_VERSION = 1.0;
				PRODUCT_BUNDLE_IDENTIFIER = com.test.WJCABasicAnimationUITests;
				PRODUCT_NAME = "$(TARGET_NAME)";
				SWIFT_EMIT_LOC_STRINGS = NO;
				SWIFT_VERSION = 5.0;
				TARGETED_DEVICE_FAMILY = "1,2";
				TEST_TARGET_NAME = WJCABasicAnimation;
			};
			name = Release;
		};
/* End XCBuildConfiguration section */

/* Begin XCConfigurationList section */
		C359211F2B58C01500A78E50 /* Build configuration list for PBXProject "WJCABasicAnimation" */ = {
			isa = XCConfigurationList;
			buildConfigurations = (
				C359214C2B58C01700A78E50 /* Debug */,
				C359214D2B58C01700A78E50 /* Release */,
			);
			defaultConfigurationIsVisible = 0;
			defaultConfigurationName = Release;
		};
		C359214E2B58C01700A78E50 /* Build configuration list for PBXNativeTarget "WJCABasicAnimation" */ = {
			isa = XCConfigurationList;
			buildConfigurations = (
				C359214F2B58C01700A78E50 /* Debug */,
				C35921502B58C01700A78E50 /* Release */,
			);
			defaultConfigurationIsVisible = 0;
			defaultConfigurationName = Release;
		};
		C35921512B58C01700A78E50 /* Build configuration list for PBXNativeTarget "WJCABasicAnimationTests" */ = {
			isa = XCConfigurationList;
			buildConfigurations = (
				C35921522B58C01700A78E50 /* Debug */,
				C35921532B58C01700A78E50 /* Release */,
			);
			defaultConfigurationIsVisible = 0;
			defaultConfigurationName = Release;
		};
		C35921542B58C01700A78E50 /* Build configuration list for PBXNativeTarget "WJCABasicAnimationUITests" */ = {
			isa = XCConfigurationList;
			buildConfigurations = (
				C35921552B58C01700A78E50 /* Debug */,
				C35921562B58C01700A78E50 /* Release */,
			);
			defaultConfigurationIsVisible = 0;
			defaultConfigurationName = Release;
		};
/* End XCConfigurationList section */
	};
	rootObject = C359211C2B58C01500A78E50 /* Project object */;
}
